
Microsoft Visual Studio Solution File, Format Version 12.00
# Visual Studio Version 17
VisualStudioVersion = 17.9.34616.47
MinimumVisualStudioVersion = 10.0.40219.1
Project("{9A19103F-16F7-4668-BE54-9A1E7A4F7556}") = "BlazorAppStandalone", "BlazorAppStandalone\BlazorAppStandalone.csproj", "{E229A327-E9A8-462E-A794-BE77DB9A6285}"
EndProject
Global
	GlobalSection(SolutionConfigurationPlatforms) = preSolution
		Debug|Any CPU = Debug|Any CPU
		Release|Any CPU = Release|Any CPU
	EndGlobalSection
	GlobalSection(ProjectConfigurationPlatforms) = postSolution
		{E229A327-E9A8-462E-A794-BE77DB9A6285}.Debug|Any CPU.ActiveCfg = Debug|Any CPU
		{E229A327-E9A8-462E-A794-BE77DB9A6285}.Debug|Any CPU.Build.0 = Debug|Any CPU
		{E229A327-E9A8-462E-A794-BE77DB9A6285}.Release|Any CPU.ActiveCfg = Release|Any CPU
		{E229A327-E9A8-462E-A794-BE77DB9A6285}.Release|Any CPU.Build.0 = Release|Any CPU
	EndGlobalSection
	GlobalSection(SolutionProperties) = preSolution
		HideSolutionNode = FALSE
	EndGlobalSection
	GlobalSection(ExtensibilityGlobals) = postSolution
		SolutionGuid = {70E21169-A124-4FFB-8AA1-25F733C1B9A0}
	EndGlobalSection
EndGlobal
